// !$*UTF8*$!
{
	archiveVersion = 1;
	classes = {
	};
	objectVersion = 56;
	objects = {

/* Begin PBXBuildFile section */
		CCBB65B32CBE694200E9F745 /* AppDelegate.swift in Sources */ = {isa = PBXBuildFile; fileRef = CCBB65B22CBE694200E9F745 /* AppDelegate.swift */; };
		CCBB65B52CBE694200E9F745 /* SceneDelegate.swift in Sources */ = {isa = PBXBuildFile; fileRef = CCBB65B42CBE694200E9F745 /* SceneDelegate.swift */; };
		CCBB65B72CBE694200E9F745 /* ViewController.swift in Sources */ = {isa = PBXBuildFile; fileRef = CCBB65B62CBE694200E9F745 /* ViewController.swift */; };
		CCBB65BA2CBE694200E9F745 /* Base in Resources */ = {isa = PBXBuildFile; fileRef = CCBB65B92CBE694200E9F745 /* Base */; };
		CCBB65BC2CBE694300E9F745 /* Assets.xcassets in Resources */ = {isa = PBXBuildFile; fileRef = CCBB65BB2CBE694300E9F745 /* Assets.xcassets */; };
		CCBB65BF2CBE694300E9F745 /* Base in Resources */ = {isa = PBXBuildFile; fileRef = CCBB65BE2CBE694300E9F745 /* Base */; };
		CCBB65CD2CBE6A9B00E9F745 /* Setupable.swift in Sources */ = {isa = PBXBuildFile; fileRef = CCBB65CC2CBE6A9B00E9F745 /* Setupable.swift */; };
		CCBB65CF2CBE6AAD00E9F745 /* BaseViewController.swift in Sources */ = {isa = PBXBuildFile; fileRef = CCBB65CE2CBE6AAD00E9F745 /* BaseViewController.swift */; };
		CCBB65D12CBE6AB500E9F745 /* ReusableView.swift in Sources */ = {isa = PBXBuildFile; fileRef = CCBB65D02CBE6AB500E9F745 /* ReusableView.swift */; };
		CCBB65D32CBE6ABB00E9F745 /* BaseRouter.swift in Sources */ = {isa = PBXBuildFile; fileRef = CCBB65D22CBE6ABB00E9F745 /* BaseRouter.swift */; };
		CCBB65D92CBE6B6B00E9F745 /* SnapKit in Frameworks */ = {isa = PBXBuildFile; productRef = CCBB65D82CBE6B6B00E9F745 /* SnapKit */; };
		CCBB65DE2CBE6B7600E9F745 /* SQLite in Frameworks */ = {isa = PBXBuildFile; productRef = CCBB65DD2CBE6B7600E9F745 /* SQLite */; };
		CCBB65E12CBE6B8400E9F745 /* Swinject in Frameworks */ = {isa = PBXBuildFile; productRef = CCBB65E02CBE6B8400E9F745 /* Swinject */; };
		CCBB65E62CBE6B9100E9F745 /* SwinjectAutoregistration in Frameworks */ = {isa = PBXBuildFile; productRef = CCBB65E52CBE6B9100E9F745 /* SwinjectAutoregistration */; };
		CCBB65EB2CBE6BA600E9F745 /* CardManagerModel in Frameworks */ = {isa = PBXBuildFile; productRef = CCBB65EA2CBE6BA600E9F745 /* CardManagerModel */; };
		CCBB65ED2CBE6BA600E9F745 /* CardManagerViewModel in Frameworks */ = {isa = PBXBuildFile; productRef = CCBB65EC2CBE6BA600E9F745 /* CardManagerViewModel */; };
		CCBB65F02CBE6C2200E9F745 /* ServiceAssembly.swift in Sources */ = {isa = PBXBuildFile; fileRef = CCBB65EF2CBE6C2200E9F745 /* ServiceAssembly.swift */; };
		CCBB65F22CBE6C2C00E9F745 /* ViewControllerFactory.swift in Sources */ = {isa = PBXBuildFile; fileRef = CCBB65F12CBE6C2C00E9F745 /* ViewControllerFactory.swift */; };
		CCBB65F52CBE6CD200E9F745 /* UntilOnboardingViewController.swift in Sources */ = {isa = PBXBuildFile; fileRef = CCBB65F42CBE6CD200E9F745 /* UntilOnboardingViewController.swift */; };
		CCBB65F72CBE6CDB00E9F745 /* UntilOnboardingAssembly.swift in Sources */ = {isa = PBXBuildFile; fileRef = CCBB65F62CBE6CDB00E9F745 /* UntilOnboardingAssembly.swift */; };
		CCBB65F92CBE6CE200E9F745 /* UntilOnboardingRouter.swift in Sources */ = {isa = PBXBuildFile; fileRef = CCBB65F82CBE6CE200E9F745 /* UntilOnboardingRouter.swift */; };
		CCBB66002CBE6D3800E9F745 /* SF-Pro-Text-Bold.otf in Resources */ = {isa = PBXBuildFile; fileRef = CCBB65FB2CBE6D3800E9F745 /* SF-Pro-Text-Bold.otf */; };
		CCBB66012CBE6D3800E9F745 /* SF-Pro-Text-Black.otf in Resources */ = {isa = PBXBuildFile; fileRef = CCBB65FC2CBE6D3800E9F745 /* SF-Pro-Text-Black.otf */; };
		CCBB66022CBE6D3800E9F745 /* SF-Pro-Text-Medium.otf in Resources */ = {isa = PBXBuildFile; fileRef = CCBB65FD2CBE6D3800E9F745 /* SF-Pro-Text-Medium.otf */; };
		CCBB66032CBE6D3800E9F745 /* SF-Pro-Text-Regular.otf in Resources */ = {isa = PBXBuildFile; fileRef = CCBB65FE2CBE6D3800E9F745 /* SF-Pro-Text-Regular.otf */; };
		CCBB66042CBE6D3800E9F745 /* SF-Pro-Text-Semibold.otf in Resources */ = {isa = PBXBuildFile; fileRef = CCBB65FF2CBE6D3800E9F745 /* SF-Pro-Text-Semibold.otf */; };
		CCBB66062CBE6DAB00E9F745 /* TableView.swift in Sources */ = {isa = PBXBuildFile; fileRef = CCBB66052CBE6DAB00E9F745 /* TableView.swift */; };
		CCBB66082CBE6DB100E9F745 /* CollectionView.swift in Sources */ = {isa = PBXBuildFile; fileRef = CCBB66072CBE6DB100E9F745 /* CollectionView.swift */; };
		CCBB660A2CBE6DCF00E9F745 /* String.swift in Sources */ = {isa = PBXBuildFile; fileRef = CCBB66092CBE6DCF00E9F745 /* String.swift */; };
		CCBB660C2CBE6DDC00E9F745 /* UIDevice.swift in Sources */ = {isa = PBXBuildFile; fileRef = CCBB660B2CBE6DDC00E9F745 /* UIDevice.swift */; };
		CCBB660E2CBE6DED00E9F745 /* StackView.swift in Sources */ = {isa = PBXBuildFile; fileRef = CCBB660D2CBE6DED00E9F745 /* StackView.swift */; };
		CCBB66102CBE6DFE00E9F745 /* UIColor.swift in Sources */ = {isa = PBXBuildFile; fileRef = CCBB660F2CBE6DFE00E9F745 /* UIColor.swift */; };
		CCBB66122CBE6E1900E9F745 /* UILabel.swift in Sources */ = {isa = PBXBuildFile; fileRef = CCBB66112CBE6E1900E9F745 /* UILabel.swift */; };
		CCBB66152CBE7D2500E9F745 /* OnboardingViewController.swift in Sources */ = {isa = PBXBuildFile; fileRef = CCBB66142CBE7D2500E9F745 /* OnboardingViewController.swift */; };
		CCBB66172CBE7D2C00E9F745 /* OnboardingRouter.swift in Sources */ = {isa = PBXBuildFile; fileRef = CCBB66162CBE7D2C00E9F745 /* OnboardingRouter.swift */; };
		CCBB66192CBE7D3300E9F745 /* OnboardingAssembly.swift in Sources */ = {isa = PBXBuildFile; fileRef = CCBB66182CBE7D3300E9F745 /* OnboardingAssembly.swift */; };
		CCBB661D2CBE7D9200E9F745 /* AdvancedPageControlView.swift in Sources */ = {isa = PBXBuildFile; fileRef = CCBB661C2CBE7D9200E9F745 /* AdvancedPageControlView.swift */; };
		CCBB661F2CBE7D9900E9F745 /* ColorUtils.swift in Sources */ = {isa = PBXBuildFile; fileRef = CCBB661E2CBE7D9900E9F745 /* ColorUtils.swift */; };
		CCBB66212CBE7DA000E9F745 /* Drawer.swift in Sources */ = {isa = PBXBuildFile; fileRef = CCBB66202CBE7DA000E9F745 /* Drawer.swift */; };
		CCBB66232CBE7DC800E9F745 /* OnboardingCell.swift in Sources */ = {isa = PBXBuildFile; fileRef = CCBB66222CBE7DC800E9F745 /* OnboardingCell.swift */; };
		CCBB66262CBE8CCF00E9F745 /* TabBarViewController.swift in Sources */ = {isa = PBXBuildFile; fileRef = CCBB66252CBE8CCF00E9F745 /* TabBarViewController.swift */; };
		CCBB662D2CBE8D0E00E9F745 /* GameViewController.swift in Sources */ = {isa = PBXBuildFile; fileRef = CCBB662C2CBE8D0E00E9F745 /* GameViewController.swift */; };
		CCBB662F2CBE8D1300E9F745 /* GameRouter.swift in Sources */ = {isa = PBXBuildFile; fileRef = CCBB662E2CBE8D1300E9F745 /* GameRouter.swift */; };
		CCBB66312CBE8D1A00E9F745 /* GameAssembly.swift in Sources */ = {isa = PBXBuildFile; fileRef = CCBB66302CBE8D1A00E9F745 /* GameAssembly.swift */; };
		CCBB66332CBE8D2300E9F745 /* StrategyViewController.swift in Sources */ = {isa = PBXBuildFile; fileRef = CCBB66322CBE8D2300E9F745 /* StrategyViewController.swift */; };
		CCBB66352CBE8D2B00E9F745 /* StrategyRouter.swift in Sources */ = {isa = PBXBuildFile; fileRef = CCBB66342CBE8D2B00E9F745 /* StrategyRouter.swift */; };
		CCBB66372CBE8D3100E9F745 /* StrategyAssembly.swift in Sources */ = {isa = PBXBuildFile; fileRef = CCBB66362CBE8D3100E9F745 /* StrategyAssembly.swift */; };
		CCBB66392CBE8D3800E9F745 /* MatchViewController.swift in Sources */ = {isa = PBXBuildFile; fileRef = CCBB66382CBE8D3800E9F745 /* MatchViewController.swift */; };
		CCBB663B2CBE8D3E00E9F745 /* MatchAssembly.swift in Sources */ = {isa = PBXBuildFile; fileRef = CCBB663A2CBE8D3E00E9F745 /* MatchAssembly.swift */; };
		CCBB663D2CBE8D4300E9F745 /* MatchRouter.swift in Sources */ = {isa = PBXBuildFile; fileRef = CCBB663C2CBE8D4300E9F745 /* MatchRouter.swift */; };
		CCBB663F2CBE8D4D00E9F745 /* StatisticViewController.swift in Sources */ = {isa = PBXBuildFile; fileRef = CCBB663E2CBE8D4D00E9F745 /* StatisticViewController.swift */; };
		CCBB66432CBE8D5F00E9F745 /* StatisticAssembly.swift in Sources */ = {isa = PBXBuildFile; fileRef = CCBB66422CBE8D5F00E9F745 /* StatisticAssembly.swift */; };
		CCBB66452CBE8D6C00E9F745 /* SettingsViewController.swift in Sources */ = {isa = PBXBuildFile; fileRef = CCBB66442CBE8D6C00E9F745 /* SettingsViewController.swift */; };
		CCBB66472CBE8D7300E9F745 /* SettingsAssembly.swift in Sources */ = {isa = PBXBuildFile; fileRef = CCBB66462CBE8D7300E9F745 /* SettingsAssembly.swift */; };
		CCBB66492CBE8D7900E9F745 /* SettingsRouter.swift in Sources */ = {isa = PBXBuildFile; fileRef = CCBB66482CBE8D7900E9F745 /* SettingsRouter.swift */; };
		CCBB664C2CBEA84700E9F745 /* WinStat.swift in Sources */ = {isa = PBXBuildFile; fileRef = CCBB664B2CBEA84700E9F745 /* WinStat.swift */; };
		CCBB664E2CBEA85100E9F745 /* MatchStat.swift in Sources */ = {isa = PBXBuildFile; fileRef = CCBB664D2CBEA85100E9F745 /* MatchStat.swift */; };
		CCBB66502CBEB5B100E9F745 /* MostPlayed.swift in Sources */ = {isa = PBXBuildFile; fileRef = CCBB664F2CBEB5B100E9F745 /* MostPlayed.swift */; };
		CCBB66532CBECEC000E9F745 /* GameTab.swift in Sources */ = {isa = PBXBuildFile; fileRef = CCBB66522CBECEC000E9F745 /* GameTab.swift */; };
		CCBB66562CBED93600E9F745 /* CollectionViewHeader.swift in Sources */ = {isa = PBXBuildFile; fileRef = CCBB66552CBED93600E9F745 /* CollectionViewHeader.swift */; };
		CCBB66582CBEDA4100E9F745 /* GameCollectionViewCell.swift in Sources */ = {isa = PBXBuildFile; fileRef = CCBB66572CBEDA4100E9F745 /* GameCollectionViewCell.swift */; };
		CCBB665A2CBEF3CA00E9F745 /* EmptyCollectionViewCell.swift in Sources */ = {isa = PBXBuildFile; fileRef = CCBB66592CBEF3CA00E9F745 /* EmptyCollectionViewCell.swift */; };
		CCBB665D2CBEF94200E9F745 /* AddGameViewController.swift in Sources */ = {isa = PBXBuildFile; fileRef = CCBB665C2CBEF94200E9F745 /* AddGameViewController.swift */; };
		CCBB665F2CBEF94900E9F745 /* AddGameAssembly.swift in Sources */ = {isa = PBXBuildFile; fileRef = CCBB665E2CBEF94900E9F745 /* AddGameAssembly.swift */; };
		CCBB66622CBEFBEB00E9F745 /* AddPhotoView.swift in Sources */ = {isa = PBXBuildFile; fileRef = CCBB66612CBEFBEB00E9F745 /* AddPhotoView.swift */; };
		CCBB66652CBEFDE100E9F745 /* TextView.swift in Sources */ = {isa = PBXBuildFile; fileRef = CCBB66642CBEFDE100E9F745 /* TextView.swift */; };
		CCBB66672CBEFE5E00E9F745 /* CustomTextField.swift in Sources */ = {isa = PBXBuildFile; fileRef = CCBB66662CBEFE5E00E9F745 /* CustomTextField.swift */; };
		CCBB666A2CBF0CCC00E9F745 /* EditGameViewController.swift in Sources */ = {isa = PBXBuildFile; fileRef = CCBB66692CBF0CCC00E9F745 /* EditGameViewController.swift */; };
		CCBB666C2CBF0CDA00E9F745 /* EditGameAssembly.swift in Sources */ = {isa = PBXBuildFile; fileRef = CCBB666B2CBF0CDA00E9F745 /* EditGameAssembly.swift */; };
		CCBB666F2CBF7D2B00E9F745 /* EmptyTableViewCell.swift in Sources */ = {isa = PBXBuildFile; fileRef = CCBB666E2CBF7D2B00E9F745 /* EmptyTableViewCell.swift */; };
		CCBB66722CBF7E4800E9F745 /* StrategyTableViewCell.swift in Sources */ = {isa = PBXBuildFile; fileRef = CCBB66712CBF7E4800E9F745 /* StrategyTableViewCell.swift */; };
		CCBB66752CBF88D400E9F745 /* AddStrategyViewController.swift in Sources */ = {isa = PBXBuildFile; fileRef = CCBB66742CBF88D400E9F745 /* AddStrategyViewController.swift */; };
		CCBB66772CBF88DC00E9F745 /* AddStrategyAssembly.swift in Sources */ = {isa = PBXBuildFile; fileRef = CCBB66762CBF88DC00E9F745 /* AddStrategyAssembly.swift */; };
		CCBB667A2CBF8C3100E9F745 /* PopupField.swift in Sources */ = {isa = PBXBuildFile; fileRef = CCBB66792CBF8C3100E9F745 /* PopupField.swift */; };
		CCBB667C2CBF8C5200E9F745 /* TextFieldWImage.swift in Sources */ = {isa = PBXBuildFile; fileRef = CCBB667B2CBF8C5200E9F745 /* TextFieldWImage.swift */; };
		CCBB667F2CBF8D2F00E9F745 /* PopupTableViewCell.swift in Sources */ = {isa = PBXBuildFile; fileRef = CCBB667E2CBF8D2F00E9F745 /* PopupTableViewCell.swift */; };
		CCBB66822CBFAE2500E9F745 /* EditStrategyViewController.swift in Sources */ = {isa = PBXBuildFile; fileRef = CCBB66812CBFAE2500E9F745 /* EditStrategyViewController.swift */; };
		CCBB66842CBFAE2F00E9F745 /* EditStrategyAssembly.swift in Sources */ = {isa = PBXBuildFile; fileRef = CCBB66832CBFAE2F00E9F745 /* EditStrategyAssembly.swift */; };
		CCBB66872CBFB76200E9F745 /* MatchGameCollectionViewCell.swift in Sources */ = {isa = PBXBuildFile; fileRef = CCBB66862CBFB76200E9F745 /* MatchGameCollectionViewCell.swift */; };
		CCBB66892CBFC64100E9F745 /* PlayedMatchTableViewCell.swift in Sources */ = {isa = PBXBuildFile; fileRef = CCBB66882CBFC64100E9F745 /* PlayedMatchTableViewCell.swift */; };
		CCBB668C2CBFCB9F00E9F745 /* AddMatchViewController.swift in Sources */ = {isa = PBXBuildFile; fileRef = CCBB668B2CBFCB9F00E9F745 /* AddMatchViewController.swift */; };
		CCBB668E2CBFCBA800E9F745 /* AddMatchAssembly.swift in Sources */ = {isa = PBXBuildFile; fileRef = CCBB668D2CBFCBA800E9F745 /* AddMatchAssembly.swift */; };
		CCBB66912CBFE5D400E9F745 /* EditMatchViewController.swift in Sources */ = {isa = PBXBuildFile; fileRef = CCBB66902CBFE5D400E9F745 /* EditMatchViewController.swift */; };
		CCBB66932CBFE5DC00E9F745 /* EditMatchAssembly.swift in Sources */ = {isa = PBXBuildFile; fileRef = CCBB66922CBFE5DC00E9F745 /* EditMatchAssembly.swift */; };
		CCBB66CE2CC01BB900E9F745 /* UsageViewController.swift in Sources */ = {isa = PBXBuildFile; fileRef = CCBB66CD2CC01BB900E9F745 /* UsageViewController.swift */; };
/* End PBXBuildFile section */

/* Begin PBXFileReference section */
		CCBB65AF2CBE694200E9F745 /* CardManager.app */ = {isa = PBXFileReference; explicitFileType = wrapper.application; includeInIndex = 0; path = CardManager.app; sourceTree = BUILT_PRODUCTS_DIR; };
		CCBB65B22CBE694200E9F745 /* AppDelegate.swift */ = {isa = PBXFileReference; lastKnownFileType = sourcecode.swift; path = AppDelegate.swift; sourceTree = "<group>"; };
		CCBB65B42CBE694200E9F745 /* SceneDelegate.swift */ = {isa = PBXFileReference; lastKnownFileType = sourcecode.swift; path = SceneDelegate.swift; sourceTree = "<group>"; };
		CCBB65B62CBE694200E9F745 /* ViewController.swift */ = {isa = PBXFileReference; lastKnownFileType = sourcecode.swift; path = ViewController.swift; sourceTree = "<group>"; };
		CCBB65B92CBE694200E9F745 /* Base */ = {isa = PBXFileReference; lastKnownFileType = file.storyboard; name = Base; path = Base.lproj/Main.storyboard; sourceTree = "<group>"; };
		CCBB65BB2CBE694300E9F745 /* Assets.xcassets */ = {isa = PBXFileReference; lastKnownFileType = folder.assetcatalog; path = Assets.xcassets; sourceTree = "<group>"; };
		CCBB65BE2CBE694300E9F745 /* Base */ = {isa = PBXFileReference; lastKnownFileType = file.storyboard; name = Base; path = Base.lproj/LaunchScreen.storyboard; sourceTree = "<group>"; };
		CCBB65C02CBE694300E9F745 /* Info.plist */ = {isa = PBXFileReference; lastKnownFileType = text.plist.xml; path = Info.plist; sourceTree = "<group>"; };
		CCBB65CC2CBE6A9B00E9F745 /* Setupable.swift */ = {isa = PBXFileReference; lastKnownFileType = sourcecode.swift; path = Setupable.swift; sourceTree = "<group>"; };
		CCBB65CE2CBE6AAD00E9F745 /* BaseViewController.swift */ = {isa = PBXFileReference; lastKnownFileType = sourcecode.swift; path = BaseViewController.swift; sourceTree = "<group>"; };
		CCBB65D02CBE6AB500E9F745 /* ReusableView.swift */ = {isa = PBXFileReference; lastKnownFileType = sourcecode.swift; path = ReusableView.swift; sourceTree = "<group>"; };
		CCBB65D22CBE6ABB00E9F745 /* BaseRouter.swift */ = {isa = PBXFileReference; lastKnownFileType = sourcecode.swift; path = BaseRouter.swift; sourceTree = "<group>"; };
		CCBB65D52CBE6B2600E9F745 /* CardManagerViewModel */ = {isa = PBXFileReference; lastKnownFileType = wrapper; name = CardManagerViewModel; path = ../CardManagerViewModel; sourceTree = "<group>"; };
		CCBB65D62CBE6B3600E9F745 /* CardManagerModel */ = {isa = PBXFileReference; lastKnownFileType = wrapper; name = CardManagerModel; path = ../CardManagerModel; sourceTree = "<group>"; };
		CCBB65EF2CBE6C2200E9F745 /* ServiceAssembly.swift */ = {isa = PBXFileReference; lastKnownFileType = sourcecode.swift; path = ServiceAssembly.swift; sourceTree = "<group>"; };
		CCBB65F12CBE6C2C00E9F745 /* ViewControllerFactory.swift */ = {isa = PBXFileReference; lastKnownFileType = sourcecode.swift; path = ViewControllerFactory.swift; sourceTree = "<group>"; };
		CCBB65F42CBE6CD200E9F745 /* UntilOnboardingViewController.swift */ = {isa = PBXFileReference; lastKnownFileType = sourcecode.swift; path = UntilOnboardingViewController.swift; sourceTree = "<group>"; };
		CCBB65F62CBE6CDB00E9F745 /* UntilOnboardingAssembly.swift */ = {isa = PBXFileReference; lastKnownFileType = sourcecode.swift; path = UntilOnboardingAssembly.swift; sourceTree = "<group>"; };
		CCBB65F82CBE6CE200E9F745 /* UntilOnboardingRouter.swift */ = {isa = PBXFileReference; lastKnownFileType = sourcecode.swift; path = UntilOnboardingRouter.swift; sourceTree = "<group>"; };
		CCBB65FB2CBE6D3800E9F745 /* SF-Pro-Text-Bold.otf */ = {isa = PBXFileReference; lastKnownFileType = file; path = "SF-Pro-Text-Bold.otf"; sourceTree = "<group>"; };
		CCBB65FC2CBE6D3800E9F745 /* SF-Pro-Text-Black.otf */ = {isa = PBXFileReference; lastKnownFileType = file; path = "SF-Pro-Text-Black.otf"; sourceTree = "<group>"; };
		CCBB65FD2CBE6D3800E9F745 /* SF-Pro-Text-Medium.otf */ = {isa = PBXFileReference; lastKnownFileType = file; path = "SF-Pro-Text-Medium.otf"; sourceTree = "<group>"; };
		CCBB65FE2CBE6D3800E9F745 /* SF-Pro-Text-Regular.otf */ = {isa = PBXFileReference; lastKnownFileType = file; path = "SF-Pro-Text-Regular.otf"; sourceTree = "<group>"; };
		CCBB65FF2CBE6D3800E9F745 /* SF-Pro-Text-Semibold.otf */ = {isa = PBXFileReference; lastKnownFileType = file; path = "SF-Pro-Text-Semibold.otf"; sourceTree = "<group>"; };
		CCBB66052CBE6DAB00E9F745 /* TableView.swift */ = {isa = PBXFileReference; lastKnownFileType = sourcecode.swift; path = TableView.swift; sourceTree = "<group>"; };
		CCBB66072CBE6DB100E9F745 /* CollectionView.swift */ = {isa = PBXFileReference; lastKnownFileType = sourcecode.swift; path = CollectionView.swift; sourceTree = "<group>"; };
		CCBB66092CBE6DCF00E9F745 /* String.swift */ = {isa = PBXFileReference; lastKnownFileType = sourcecode.swift; path = String.swift; sourceTree = "<group>"; };
		CCBB660B2CBE6DDC00E9F745 /* UIDevice.swift */ = {isa = PBXFileReference; lastKnownFileType = sourcecode.swift; path = UIDevice.swift; sourceTree = "<group>"; };
		CCBB660D2CBE6DED00E9F745 /* StackView.swift */ = {isa = PBXFileReference; lastKnownFileType = sourcecode.swift; path = StackView.swift; sourceTree = "<group>"; };
		CCBB660F2CBE6DFE00E9F745 /* UIColor.swift */ = {isa = PBXFileReference; lastKnownFileType = sourcecode.swift; path = UIColor.swift; sourceTree = "<group>"; };
		CCBB66112CBE6E1900E9F745 /* UILabel.swift */ = {isa = PBXFileReference; lastKnownFileType = sourcecode.swift; path = UILabel.swift; sourceTree = "<group>"; };
		CCBB66142CBE7D2500E9F745 /* OnboardingViewController.swift */ = {isa = PBXFileReference; lastKnownFileType = sourcecode.swift; path = OnboardingViewController.swift; sourceTree = "<group>"; };
		CCBB66162CBE7D2C00E9F745 /* OnboardingRouter.swift */ = {isa = PBXFileReference; lastKnownFileType = sourcecode.swift; path = OnboardingRouter.swift; sourceTree = "<group>"; };
		CCBB66182CBE7D3300E9F745 /* OnboardingAssembly.swift */ = {isa = PBXFileReference; lastKnownFileType = sourcecode.swift; path = OnboardingAssembly.swift; sourceTree = "<group>"; };
		CCBB661C2CBE7D9200E9F745 /* AdvancedPageControlView.swift */ = {isa = PBXFileReference; lastKnownFileType = sourcecode.swift; path = AdvancedPageControlView.swift; sourceTree = "<group>"; };
		CCBB661E2CBE7D9900E9F745 /* ColorUtils.swift */ = {isa = PBXFileReference; lastKnownFileType = sourcecode.swift; path = ColorUtils.swift; sourceTree = "<group>"; };
		CCBB66202CBE7DA000E9F745 /* Drawer.swift */ = {isa = PBXFileReference; lastKnownFileType = sourcecode.swift; path = Drawer.swift; sourceTree = "<group>"; };
		CCBB66222CBE7DC800E9F745 /* OnboardingCell.swift */ = {isa = PBXFileReference; lastKnownFileType = sourcecode.swift; path = OnboardingCell.swift; sourceTree = "<group>"; };
		CCBB66252CBE8CCF00E9F745 /* TabBarViewController.swift */ = {isa = PBXFileReference; lastKnownFileType = sourcecode.swift; path = TabBarViewController.swift; sourceTree = "<group>"; };
		CCBB662C2CBE8D0E00E9F745 /* GameViewController.swift */ = {isa = PBXFileReference; lastKnownFileType = sourcecode.swift; path = GameViewController.swift; sourceTree = "<group>"; };
		CCBB662E2CBE8D1300E9F745 /* GameRouter.swift */ = {isa = PBXFileReference; lastKnownFileType = sourcecode.swift; path = GameRouter.swift; sourceTree = "<group>"; };
		CCBB66302CBE8D1A00E9F745 /* GameAssembly.swift */ = {isa = PBXFileReference; lastKnownFileType = sourcecode.swift; path = GameAssembly.swift; sourceTree = "<group>"; };
		CCBB66322CBE8D2300E9F745 /* StrategyViewController.swift */ = {isa = PBXFileReference; lastKnownFileType = sourcecode.swift; path = StrategyViewController.swift; sourceTree = "<group>"; };
		CCBB66342CBE8D2B00E9F745 /* StrategyRouter.swift */ = {isa = PBXFileReference; lastKnownFileType = sourcecode.swift; path = StrategyRouter.swift; sourceTree = "<group>"; };
		CCBB66362CBE8D3100E9F745 /* StrategyAssembly.swift */ = {isa = PBXFileReference; lastKnownFileType = sourcecode.swift; path = StrategyAssembly.swift; sourceTree = "<group>"; };
		CCBB66382CBE8D3800E9F745 /* MatchViewController.swift */ = {isa = PBXFileReference; lastKnownFileType = sourcecode.swift; path = MatchViewController.swift; sourceTree = "<group>"; };
		CCBB663A2CBE8D3E00E9F745 /* MatchAssembly.swift */ = {isa = PBXFileReference; lastKnownFileType = sourcecode.swift; path = MatchAssembly.swift; sourceTree = "<group>"; };
		CCBB663C2CBE8D4300E9F745 /* MatchRouter.swift */ = {isa = PBXFileReference; lastKnownFileType = sourcecode.swift; path = MatchRouter.swift; sourceTree = "<group>"; };
		CCBB663E2CBE8D4D00E9F745 /* StatisticViewController.swift */ = {isa = PBXFileReference; lastKnownFileType = sourcecode.swift; path = StatisticViewController.swift; sourceTree = "<group>"; };
		CCBB66422CBE8D5F00E9F745 /* StatisticAssembly.swift */ = {isa = PBXFileReference; lastKnownFileType = sourcecode.swift; path = StatisticAssembly.swift; sourceTree = "<group>"; };
		CCBB66442CBE8D6C00E9F745 /* SettingsViewController.swift */ = {isa = PBXFileReference; lastKnownFileType = sourcecode.swift; path = SettingsViewController.swift; sourceTree = "<group>"; };
		CCBB66462CBE8D7300E9F745 /* SettingsAssembly.swift */ = {isa = PBXFileReference; lastKnownFileType = sourcecode.swift; path = SettingsAssembly.swift; sourceTree = "<group>"; };
		CCBB66482CBE8D7900E9F745 /* SettingsRouter.swift */ = {isa = PBXFileReference; lastKnownFileType = sourcecode.swift; path = SettingsRouter.swift; sourceTree = "<group>"; };
		CCBB664B2CBEA84700E9F745 /* WinStat.swift */ = {isa = PBXFileReference; lastKnownFileType = sourcecode.swift; path = WinStat.swift; sourceTree = "<group>"; };
		CCBB664D2CBEA85100E9F745 /* MatchStat.swift */ = {isa = PBXFileReference; lastKnownFileType = sourcecode.swift; path = MatchStat.swift; sourceTree = "<group>"; };
		CCBB664F2CBEB5B100E9F745 /* MostPlayed.swift */ = {isa = PBXFileReference; lastKnownFileType = sourcecode.swift; path = MostPlayed.swift; sourceTree = "<group>"; };
		CCBB66522CBECEC000E9F745 /* GameTab.swift */ = {isa = PBXFileReference; lastKnownFileType = sourcecode.swift; path = GameTab.swift; sourceTree = "<group>"; };
		CCBB66552CBED93600E9F745 /* CollectionViewHeader.swift */ = {isa = PBXFileReference; lastKnownFileType = sourcecode.swift; path = CollectionViewHeader.swift; sourceTree = "<group>"; };
		CCBB66572CBEDA4100E9F745 /* GameCollectionViewCell.swift */ = {isa = PBXFileReference; lastKnownFileType = sourcecode.swift; path = GameCollectionViewCell.swift; sourceTree = "<group>"; };
		CCBB66592CBEF3CA00E9F745 /* EmptyCollectionViewCell.swift */ = {isa = PBXFileReference; lastKnownFileType = sourcecode.swift; path = EmptyCollectionViewCell.swift; sourceTree = "<group>"; };
		CCBB665C2CBEF94200E9F745 /* AddGameViewController.swift */ = {isa = PBXFileReference; lastKnownFileType = sourcecode.swift; path = AddGameViewController.swift; sourceTree = "<group>"; };
		CCBB665E2CBEF94900E9F745 /* AddGameAssembly.swift */ = {isa = PBXFileReference; lastKnownFileType = sourcecode.swift; path = AddGameAssembly.swift; sourceTree = "<group>"; };
		CCBB66612CBEFBEB00E9F745 /* AddPhotoView.swift */ = {isa = PBXFileReference; lastKnownFileType = sourcecode.swift; path = AddPhotoView.swift; sourceTree = "<group>"; };
		CCBB66642CBEFDE100E9F745 /* TextView.swift */ = {isa = PBXFileReference; lastKnownFileType = sourcecode.swift; path = TextView.swift; sourceTree = "<group>"; };
		CCBB66662CBEFE5E00E9F745 /* CustomTextField.swift */ = {isa = PBXFileReference; lastKnownFileType = sourcecode.swift; path = CustomTextField.swift; sourceTree = "<group>"; };
		CCBB66692CBF0CCC00E9F745 /* EditGameViewController.swift */ = {isa = PBXFileReference; lastKnownFileType = sourcecode.swift; path = EditGameViewController.swift; sourceTree = "<group>"; };
		CCBB666B2CBF0CDA00E9F745 /* EditGameAssembly.swift */ = {isa = PBXFileReference; lastKnownFileType = sourcecode.swift; path = EditGameAssembly.swift; sourceTree = "<group>"; };
		CCBB666E2CBF7D2B00E9F745 /* EmptyTableViewCell.swift */ = {isa = PBXFileReference; lastKnownFileType = sourcecode.swift; path = EmptyTableViewCell.swift; sourceTree = "<group>"; };
		CCBB66712CBF7E4800E9F745 /* StrategyTableViewCell.swift */ = {isa = PBXFileReference; lastKnownFileType = sourcecode.swift; path = StrategyTableViewCell.swift; sourceTree = "<group>"; };
		CCBB66742CBF88D400E9F745 /* AddStrategyViewController.swift */ = {isa = PBXFileReference; lastKnownFileType = sourcecode.swift; path = AddStrategyViewController.swift; sourceTree = "<group>"; };
		CCBB66762CBF88DC00E9F745 /* AddStrategyAssembly.swift */ = {isa = PBXFileReference; lastKnownFileType = sourcecode.swift; path = AddStrategyAssembly.swift; sourceTree = "<group>"; };
		CCBB66792CBF8C3100E9F745 /* PopupField.swift */ = {isa = PBXFileReference; lastKnownFileType = sourcecode.swift; path = PopupField.swift; sourceTree = "<group>"; };
		CCBB667B2CBF8C5200E9F745 /* TextFieldWImage.swift */ = {isa = PBXFileReference; lastKnownFileType = sourcecode.swift; path = TextFieldWImage.swift; sourceTree = "<group>"; };
		CCBB667E2CBF8D2F00E9F745 /* PopupTableViewCell.swift */ = {isa = PBXFileReference; lastKnownFileType = sourcecode.swift; path = PopupTableViewCell.swift; sourceTree = "<group>"; };
		CCBB66812CBFAE2500E9F745 /* EditStrategyViewController.swift */ = {isa = PBXFileReference; lastKnownFileType = sourcecode.swift; path = EditStrategyViewController.swift; sourceTree = "<group>"; };
		CCBB66832CBFAE2F00E9F745 /* EditStrategyAssembly.swift */ = {isa = PBXFileReference; lastKnownFileType = sourcecode.swift; path = EditStrategyAssembly.swift; sourceTree = "<group>"; };
		CCBB66862CBFB76200E9F745 /* MatchGameCollectionViewCell.swift */ = {isa = PBXFileReference; lastKnownFileType = sourcecode.swift; path = MatchGameCollectionViewCell.swift; sourceTree = "<group>"; };
		CCBB66882CBFC64100E9F745 /* PlayedMatchTableViewCell.swift */ = {isa = PBXFileReference; lastKnownFileType = sourcecode.swift; path = PlayedMatchTableViewCell.swift; sourceTree = "<group>"; };
		CCBB668B2CBFCB9F00E9F745 /* AddMatchViewController.swift */ = {isa = PBXFileReference; lastKnownFileType = sourcecode.swift; path = AddMatchViewController.swift; sourceTree = "<group>"; };
		CCBB668D2CBFCBA800E9F745 /* AddMatchAssembly.swift */ = {isa = PBXFileReference; lastKnownFileType = sourcecode.swift; path = AddMatchAssembly.swift; sourceTree = "<group>"; };
		CCBB66902CBFE5D400E9F745 /* EditMatchViewController.swift */ = {isa = PBXFileReference; lastKnownFileType = sourcecode.swift; path = EditMatchViewController.swift; sourceTree = "<group>"; };
		CCBB66922CBFE5DC00E9F745 /* EditMatchAssembly.swift */ = {isa = PBXFileReference; lastKnownFileType = sourcecode.swift; path = EditMatchAssembly.swift; sourceTree = "<group>"; };
		CCBB66CD2CC01BB900E9F745 /* UsageViewController.swift */ = {isa = PBXFileReference; lastKnownFileType = sourcecode.swift; path = UsageViewController.swift; sourceTree = "<group>"; };
/* End PBXFileReference section */

/* Begin PBXFrameworksBuildPhase section */
		CCBB65AC2CBE694200E9F745 /* Frameworks */ = {
			isa = PBXFrameworksBuildPhase;
			buildActionMask = 2147483647;
			files = (
				CCBB65EB2CBE6BA600E9F745 /* CardManagerModel in Frameworks */,
				CCBB65ED2CBE6BA600E9F745 /* CardManagerViewModel in Frameworks */,
				CCBB65DE2CBE6B7600E9F745 /* SQLite in Frameworks */,
				CCBB65D92CBE6B6B00E9F745 /* SnapKit in Frameworks */,
				CCBB65E12CBE6B8400E9F745 /* Swinject in Frameworks */,
				CCBB65E62CBE6B9100E9F745 /* SwinjectAutoregistration in Frameworks */,
			);
			runOnlyForDeploymentPostprocessing = 0;
		};
/* End PBXFrameworksBuildPhase section */

/* Begin PBXGroup section */
		CCBB65A62CBE694200E9F745 = {
			isa = PBXGroup;
			children = (
				CCBB65D62CBE6B3600E9F745 /* CardManagerModel */,
				CCBB65D52CBE6B2600E9F745 /* CardManagerViewModel */,
				CCBB65B12CBE694200E9F745 /* CardManager */,
				CCBB65B02CBE694200E9F745 /* Products */,
				CCBB65E92CBE6BA600E9F745 /* Frameworks */,
			);
			sourceTree = "<group>";
		};
		CCBB65B02CBE694200E9F745 /* Products */ = {
			isa = PBXGroup;
			children = (
				CCBB65AF2CBE694200E9F745 /* CardManager.app */,
			);
			name = Products;
			sourceTree = "<group>";
		};
		CCBB65B12CBE694200E9F745 /* CardManager */ = {
			isa = PBXGroup;
			children = (
				CCBB65CB2CBE6A9000E9F745 /* Components */,
				CCBB65CA2CBE6A8900E9F745 /* Extensions */,
				CCBB65C92CBE6A8400E9F745 /* Appearance */,
				CCBB65C82CBE6A7F00E9F745 /* View */,
				CCBB65C72CBE6A7A00E9F745 /* Common */,
				CCBB65C62CBE6A7400E9F745 /* Base */,
				CCBB65B22CBE694200E9F745 /* AppDelegate.swift */,
				CCBB65B42CBE694200E9F745 /* SceneDelegate.swift */,
				CCBB65B62CBE694200E9F745 /* ViewController.swift */,
				CCBB65B82CBE694200E9F745 /* Main.storyboard */,
				CCBB65BD2CBE694300E9F745 /* LaunchScreen.storyboard */,
				CCBB65C02CBE694300E9F745 /* Info.plist */,
			);
			path = CardManager;
			sourceTree = "<group>";
		};
		CCBB65C62CBE6A7400E9F745 /* Base */ = {
			isa = PBXGroup;
			children = (
				CCBB65CC2CBE6A9B00E9F745 /* Setupable.swift */,
				CCBB65CE2CBE6AAD00E9F745 /* BaseViewController.swift */,
				CCBB65D02CBE6AB500E9F745 /* ReusableView.swift */,
				CCBB65D22CBE6ABB00E9F745 /* BaseRouter.swift */,
			);
			path = Base;
			sourceTree = "<group>";
		};
		CCBB65C72CBE6A7A00E9F745 /* Common */ = {
			isa = PBXGroup;
			children = (
				CCBB65EE2CBE6C1600E9F745 /* Assembly */,
				CCBB65F12CBE6C2C00E9F745 /* ViewControllerFactory.swift */,
			);
			path = Common;
			sourceTree = "<group>";
		};
		CCBB65C82CBE6A7F00E9F745 /* View */ = {
			isa = PBXGroup;
			children = (
				CCBB662B2CBE8CF500E9F745 /* Settings */,
				CCBB662A2CBE8CEE00E9F745 /* Statistic */,
				CCBB66292CBE8CE900E9F745 /* Match */,
				CCBB66282CBE8CE200E9F745 /* Strategy */,
				CCBB66272CBE8CDB00E9F745 /* Game */,
				CCBB66242CBE8CC500E9F745 /* TabBar */,
				CCBB66132CBE7D1900E9F745 /* Onboarding */,
				CCBB65F32CBE6CAD00E9F745 /* UntilOnboarding */,
			);
			path = View;
			sourceTree = "<group>";
		};
		CCBB65C92CBE6A8400E9F745 /* Appearance */ = {
			isa = PBXGroup;
			children = (
				CCBB65FA2CBE6CF700E9F745 /* Fonts */,
				CCBB65BB2CBE694300E9F745 /* Assets.xcassets */,
			);
			path = Appearance;
			sourceTree = "<group>";
		};
		CCBB65CA2CBE6A8900E9F745 /* Extensions */ = {
			isa = PBXGroup;
			children = (
				CCBB66052CBE6DAB00E9F745 /* TableView.swift */,
				CCBB66072CBE6DB100E9F745 /* CollectionView.swift */,
				CCBB660F2CBE6DFE00E9F745 /* UIColor.swift */,
				CCBB660B2CBE6DDC00E9F745 /* UIDevice.swift */,
				CCBB66112CBE6E1900E9F745 /* UILabel.swift */,
				CCBB660D2CBE6DED00E9F745 /* StackView.swift */,
				CCBB66092CBE6DCF00E9F745 /* String.swift */,
			);
			path = Extensions;
			sourceTree = "<group>";
		};
		CCBB65CB2CBE6A9000E9F745 /* Components */ = {
			isa = PBXGroup;
			children = (
				CCBB66782CBF8C2400E9F745 /* PopUpField */,
				CCBB666D2CBF7D1D00E9F745 /* EmptyCell */,
				CCBB66632CBEFDCF00E9F745 /* TextFields */,
				CCBB66602CBEFBDB00E9F745 /* AddPhoto */,
				CCBB66512CBECEAC00E9F745 /* Game */,
				CCBB664A2CBEA83E00E9F745 /* Statistic */,
				CCBB661B2CBE7D8200E9F745 /* PageControl */,
			);
			path = Components;
			sourceTree = "<group>";
		};
		CCBB65E92CBE6BA600E9F745 /* Frameworks */ = {
			isa = PBXGroup;
			children = (
			);
			name = Frameworks;
			sourceTree = "<group>";
		};
		CCBB65EE2CBE6C1600E9F745 /* Assembly */ = {
			isa = PBXGroup;
			children = (
				CCBB65EF2CBE6C2200E9F745 /* ServiceAssembly.swift */,
			);
			path = Assembly;
			sourceTree = "<group>";
		};
		CCBB65F32CBE6CAD00E9F745 /* UntilOnboarding */ = {
			isa = PBXGroup;
			children = (
				CCBB65F42CBE6CD200E9F745 /* UntilOnboardingViewController.swift */,
				CCBB65F62CBE6CDB00E9F745 /* UntilOnboardingAssembly.swift */,
				CCBB65F82CBE6CE200E9F745 /* UntilOnboardingRouter.swift */,
			);
			path = UntilOnboarding;
			sourceTree = "<group>";
		};
		CCBB65FA2CBE6CF700E9F745 /* Fonts */ = {
			isa = PBXGroup;
			children = (
				CCBB65FC2CBE6D3800E9F745 /* SF-Pro-Text-Black.otf */,
				CCBB65FB2CBE6D3800E9F745 /* SF-Pro-Text-Bold.otf */,
				CCBB65FD2CBE6D3800E9F745 /* SF-Pro-Text-Medium.otf */,
				CCBB65FE2CBE6D3800E9F745 /* SF-Pro-Text-Regular.otf */,
				CCBB65FF2CBE6D3800E9F745 /* SF-Pro-Text-Semibold.otf */,
			);
			path = Fonts;
			sourceTree = "<group>";
		};
		CCBB66132CBE7D1900E9F745 /* Onboarding */ = {
			isa = PBXGroup;
			children = (
				CCBB661A2CBE7D3600E9F745 /* Cell */,
				CCBB66142CBE7D2500E9F745 /* OnboardingViewController.swift */,
				CCBB66162CBE7D2C00E9F745 /* OnboardingRouter.swift */,
				CCBB66182CBE7D3300E9F745 /* OnboardingAssembly.swift */,
			);
			path = Onboarding;
			sourceTree = "<group>";
		};
		CCBB661A2CBE7D3600E9F745 /* Cell */ = {
			isa = PBXGroup;
			children = (
				CCBB66222CBE7DC800E9F745 /* OnboardingCell.swift */,
			);
			path = Cell;
			sourceTree = "<group>";
		};
		CCBB661B2CBE7D8200E9F745 /* PageControl */ = {
			isa = PBXGroup;
			children = (
				CCBB661C2CBE7D9200E9F745 /* AdvancedPageControlView.swift */,
				CCBB661E2CBE7D9900E9F745 /* ColorUtils.swift */,
				CCBB66202CBE7DA000E9F745 /* Drawer.swift */,
			);
			path = PageControl;
			sourceTree = "<group>";
		};
		CCBB66242CBE8CC500E9F745 /* TabBar */ = {
			isa = PBXGroup;
			children = (
				CCBB66252CBE8CCF00E9F745 /* TabBarViewController.swift */,
			);
			path = TabBar;
			sourceTree = "<group>";
		};
		CCBB66272CBE8CDB00E9F745 /* Game */ = {
			isa = PBXGroup;
			children = (
				CCBB66682CBF0CBD00E9F745 /* EditGame */,
				CCBB665B2CBEF92B00E9F745 /* AddGame */,
				CCBB66542CBED92C00E9F745 /* Cell */,
				CCBB662C2CBE8D0E00E9F745 /* GameViewController.swift */,
				CCBB66302CBE8D1A00E9F745 /* GameAssembly.swift */,
				CCBB662E2CBE8D1300E9F745 /* GameRouter.swift */,
			);
			path = Game;
			sourceTree = "<group>";
		};
		CCBB66282CBE8CE200E9F745 /* Strategy */ = {
			isa = PBXGroup;
			children = (
				CCBB66802CBFAE1700E9F745 /* EditStrategy */,
				CCBB66732CBF88C700E9F745 /* AddStrategy */,
				CCBB66702CBF7E3D00E9F745 /* Cell */,
				CCBB66322CBE8D2300E9F745 /* StrategyViewController.swift */,
				CCBB66362CBE8D3100E9F745 /* StrategyAssembly.swift */,
				CCBB66342CBE8D2B00E9F745 /* StrategyRouter.swift */,
			);
			path = Strategy;
			sourceTree = "<group>";
		};
		CCBB66292CBE8CE900E9F745 /* Match */ = {
			isa = PBXGroup;
			children = (
				CCBB668F2CBFE5C700E9F745 /* EditMatch */,
				CCBB668A2CBFCB9400E9F745 /* AddMatch */,
				CCBB66852CBFB75600E9F745 /* Cell */,
				CCBB66382CBE8D3800E9F745 /* MatchViewController.swift */,
				CCBB663A2CBE8D3E00E9F745 /* MatchAssembly.swift */,
				CCBB663C2CBE8D4300E9F745 /* MatchRouter.swift */,
			);
			path = Match;
			sourceTree = "<group>";
		};
		CCBB662A2CBE8CEE00E9F745 /* Statistic */ = {
			isa = PBXGroup;
			children = (
				CCBB663E2CBE8D4D00E9F745 /* StatisticViewController.swift */,
				CCBB66422CBE8D5F00E9F745 /* StatisticAssembly.swift */,
			);
			path = Statistic;
			sourceTree = "<group>";
		};
		CCBB662B2CBE8CF500E9F745 /* Settings */ = {
			isa = PBXGroup;
			children = (
				CCBB66CC2CC01BA400E9F745 /* Usage */,
				CCBB66442CBE8D6C00E9F745 /* SettingsViewController.swift */,
				CCBB66462CBE8D7300E9F745 /* SettingsAssembly.swift */,
				CCBB66482CBE8D7900E9F745 /* SettingsRouter.swift */,
			);
			path = Settings;
			sourceTree = "<group>";
		};
		CCBB664A2CBEA83E00E9F745 /* Statistic */ = {
			isa = PBXGroup;
			children = (
				CCBB664B2CBEA84700E9F745 /* WinStat.swift */,
				CCBB664D2CBEA85100E9F745 /* MatchStat.swift */,
				CCBB664F2CBEB5B100E9F745 /* MostPlayed.swift */,
			);
			path = Statistic;
			sourceTree = "<group>";
		};
		CCBB66512CBECEAC00E9F745 /* Game */ = {
			isa = PBXGroup;
			children = (
				CCBB66522CBECEC000E9F745 /* GameTab.swift */,
			);
			path = Game;
			sourceTree = "<group>";
		};
		CCBB66542CBED92C00E9F745 /* Cell */ = {
			isa = PBXGroup;
			children = (
				CCBB66552CBED93600E9F745 /* CollectionViewHeader.swift */,
				CCBB66572CBEDA4100E9F745 /* GameCollectionViewCell.swift */,
				CCBB66592CBEF3CA00E9F745 /* EmptyCollectionViewCell.swift */,
			);
			path = Cell;
			sourceTree = "<group>";
		};
		CCBB665B2CBEF92B00E9F745 /* AddGame */ = {
			isa = PBXGroup;
			children = (
				CCBB665C2CBEF94200E9F745 /* AddGameViewController.swift */,
				CCBB665E2CBEF94900E9F745 /* AddGameAssembly.swift */,
			);
			path = AddGame;
			sourceTree = "<group>";
		};
		CCBB66602CBEFBDB00E9F745 /* AddPhoto */ = {
			isa = PBXGroup;
			children = (
				CCBB66612CBEFBEB00E9F745 /* AddPhotoView.swift */,
			);
			path = AddPhoto;
			sourceTree = "<group>";
		};
		CCBB66632CBEFDCF00E9F745 /* TextFields */ = {
			isa = PBXGroup;
			children = (
				CCBB66642CBEFDE100E9F745 /* TextView.swift */,
				CCBB66662CBEFE5E00E9F745 /* CustomTextField.swift */,
			);
			path = TextFields;
			sourceTree = "<group>";
		};
		CCBB66682CBF0CBD00E9F745 /* EditGame */ = {
			isa = PBXGroup;
			children = (
				CCBB66692CBF0CCC00E9F745 /* EditGameViewController.swift */,
				CCBB666B2CBF0CDA00E9F745 /* EditGameAssembly.swift */,
			);
			path = EditGame;
			sourceTree = "<group>";
		};
		CCBB666D2CBF7D1D00E9F745 /* EmptyCell */ = {
			isa = PBXGroup;
			children = (
				CCBB666E2CBF7D2B00E9F745 /* EmptyTableViewCell.swift */,
			);
			path = EmptyCell;
			sourceTree = "<group>";
		};
		CCBB66702CBF7E3D00E9F745 /* Cell */ = {
			isa = PBXGroup;
			children = (
				CCBB66712CBF7E4800E9F745 /* StrategyTableViewCell.swift */,
			);
			path = Cell;
			sourceTree = "<group>";
		};
		CCBB66732CBF88C700E9F745 /* AddStrategy */ = {
			isa = PBXGroup;
			children = (
				CCBB66742CBF88D400E9F745 /* AddStrategyViewController.swift */,
				CCBB66762CBF88DC00E9F745 /* AddStrategyAssembly.swift */,
			);
			path = AddStrategy;
			sourceTree = "<group>";
		};
		CCBB66782CBF8C2400E9F745 /* PopUpField */ = {
			isa = PBXGroup;
			children = (
				CCBB667D2CBF8D2300E9F745 /* Cell */,
				CCBB66792CBF8C3100E9F745 /* PopupField.swift */,
				CCBB667B2CBF8C5200E9F745 /* TextFieldWImage.swift */,
			);
			path = PopUpField;
			sourceTree = "<group>";
		};
		CCBB667D2CBF8D2300E9F745 /* Cell */ = {
			isa = PBXGroup;
			children = (
				CCBB667E2CBF8D2F00E9F745 /* PopupTableViewCell.swift */,
			);
			path = Cell;
			sourceTree = "<group>";
		};
		CCBB66802CBFAE1700E9F745 /* EditStrategy */ = {
			isa = PBXGroup;
			children = (
				CCBB66812CBFAE2500E9F745 /* EditStrategyViewController.swift */,
				CCBB66832CBFAE2F00E9F745 /* EditStrategyAssembly.swift */,
			);
			path = EditStrategy;
			sourceTree = "<group>";
		};
		CCBB66852CBFB75600E9F745 /* Cell */ = {
			isa = PBXGroup;
			children = (
				CCBB66862CBFB76200E9F745 /* MatchGameCollectionViewCell.swift */,
				CCBB66882CBFC64100E9F745 /* PlayedMatchTableViewCell.swift */,
			);
			path = Cell;
			sourceTree = "<group>";
		};
		CCBB668A2CBFCB9400E9F745 /* AddMatch */ = {
			isa = PBXGroup;
			children = (
				CCBB668B2CBFCB9F00E9F745 /* AddMatchViewController.swift */,
				CCBB668D2CBFCBA800E9F745 /* AddMatchAssembly.swift */,
			);
			path = AddMatch;
			sourceTree = "<group>";
		};
		CCBB668F2CBFE5C700E9F745 /* EditMatch */ = {
			isa = PBXGroup;
			children = (
				CCBB66902CBFE5D400E9F745 /* EditMatchViewController.swift */,
				CCBB66922CBFE5DC00E9F745 /* EditMatchAssembly.swift */,
			);
			path = EditMatch;
			sourceTree = "<group>";
		};
		CCBB66CC2CC01BA400E9F745 /* Usage */ = {
			isa = PBXGroup;
			children = (
				CCBB66CD2CC01BB900E9F745 /* UsageViewController.swift */,
			);
			path = Usage;
			sourceTree = "<group>";
		};
/* End PBXGroup section */

/* Begin PBXNativeTarget section */
		CCBB65AE2CBE694200E9F745 /* CardManager */ = {
			isa = PBXNativeTarget;
			buildConfigurationList = CCBB65C32CBE694300E9F745 /* Build configuration list for PBXNativeTarget "CardManager" */;
			buildPhases = (
				CCBB65AB2CBE694200E9F745 /* Sources */,
				CCBB65AC2CBE694200E9F745 /* Frameworks */,
				CCBB65AD2CBE694200E9F745 /* Resources */,
			);
			buildRules = (
			);
			dependencies = (
			);
			name = CardManager;
			packageProductDependencies = (
				CCBB65D82CBE6B6B00E9F745 /* SnapKit */,
				CCBB65DD2CBE6B7600E9F745 /* SQLite */,
				CCBB65E02CBE6B8400E9F745 /* Swinject */,
				CCBB65E52CBE6B9100E9F745 /* SwinjectAutoregistration */,
				CCBB65EA2CBE6BA600E9F745 /* CardManagerModel */,
				CCBB65EC2CBE6BA600E9F745 /* CardManagerViewModel */,
			);
			productName = CardManager;
			productReference = CCBB65AF2CBE694200E9F745 /* CardManager.app */;
			productType = "com.apple.product-type.application";
		};
/* End PBXNativeTarget section */

/* Begin PBXProject section */
		CCBB65A72CBE694200E9F745 /* Project object */ = {
			isa = PBXProject;
			attributes = {
				BuildIndependentTargetsInParallel = 1;
				LastSwiftUpdateCheck = 1540;
				LastUpgradeCheck = 1540;
				TargetAttributes = {
					CCBB65AE2CBE694200E9F745 = {
						CreatedOnToolsVersion = 15.4;
					};
				};
			};
			buildConfigurationList = CCBB65AA2CBE694200E9F745 /* Build configuration list for PBXProject "CardManager" */;
			compatibilityVersion = "Xcode 14.0";
			developmentRegion = en;
			hasScannedForEncodings = 0;
			knownRegions = (
				en,
				Base,
			);
			mainGroup = CCBB65A62CBE694200E9F745;
			packageReferences = (
				CCBB65D72CBE6B6B00E9F745 /* XCRemoteSwiftPackageReference "SnapKit" */,
				CCBB65DC2CBE6B7600E9F745 /* XCRemoteSwiftPackageReference "SQLite.swift" */,
				CCBB65DF2CBE6B8400E9F745 /* XCRemoteSwiftPackageReference "Swinject" */,
				CCBB65E42CBE6B9100E9F745 /* XCRemoteSwiftPackageReference "SwinjectAutoregistration" */,
			);
			productRefGroup = CCBB65B02CBE694200E9F745 /* Products */;
			projectDirPath = "";
			projectRoot = "";
			targets = (
				CCBB65AE2CBE694200E9F745 /* CardManager */,
			);
		};
/* End PBXProject section */

/* Begin PBXResourcesBuildPhase section */
		CCBB65AD2CBE694200E9F745 /* Resources */ = {
			isa = PBXResourcesBuildPhase;
			buildActionMask = 2147483647;
			files = (
				CCBB65BC2CBE694300E9F745 /* Assets.xcassets in Resources */,
				CCBB65BF2CBE694300E9F745 /* Base in Resources */,
				CCBB66022CBE6D3800E9F745 /* SF-Pro-Text-Medium.otf in Resources */,
				CCBB66002CBE6D3800E9F745 /* SF-Pro-Text-Bold.otf in Resources */,
				CCBB66042CBE6D3800E9F745 /* SF-Pro-Text-Semibold.otf in Resources */,
				CCBB65BA2CBE694200E9F745 /* Base in Resources */,
				CCBB66012CBE6D3800E9F745 /* SF-Pro-Text-Black.otf in Resources */,
				CCBB66032CBE6D3800E9F745 /* SF-Pro-Text-Regular.otf in Resources */,
			);
			runOnlyForDeploymentPostprocessing = 0;
		};
/* End PBXResourcesBuildPhase section */

/* Begin PBXSourcesBuildPhase section */
		CCBB65AB2CBE694200E9F745 /* Sources */ = {
			isa = PBXSourcesBuildPhase;
			buildActionMask = 2147483647;
			files = (
				CCBB665D2CBEF94200E9F745 /* AddGameViewController.swift in Sources */,
				CCBB66372CBE8D3100E9F745 /* StrategyAssembly.swift in Sources */,
				CCBB662D2CBE8D0E00E9F745 /* GameViewController.swift in Sources */,
				CCBB66212CBE7DA000E9F745 /* Drawer.swift in Sources */,
				CCBB65CF2CBE6AAD00E9F745 /* BaseViewController.swift in Sources */,
				CCBB66352CBE8D2B00E9F745 /* StrategyRouter.swift in Sources */,
				CCBB65F72CBE6CDB00E9F745 /* UntilOnboardingAssembly.swift in Sources */,
				CCBB66432CBE8D5F00E9F745 /* StatisticAssembly.swift in Sources */,
				CCBB66CE2CC01BB900E9F745 /* UsageViewController.swift in Sources */,
				CCBB663F2CBE8D4D00E9F745 /* StatisticViewController.swift in Sources */,
				CCBB66582CBEDA4100E9F745 /* GameCollectionViewCell.swift in Sources */,
				CCBB664C2CBEA84700E9F745 /* WinStat.swift in Sources */,
				CCBB66082CBE6DB100E9F745 /* CollectionView.swift in Sources */,
				CCBB66312CBE8D1A00E9F745 /* GameAssembly.swift in Sources */,
				CCBB667C2CBF8C5200E9F745 /* TextFieldWImage.swift in Sources */,
				CCBB66562CBED93600E9F745 /* CollectionViewHeader.swift in Sources */,
				CCBB66392CBE8D3800E9F745 /* MatchViewController.swift in Sources */,
				CCBB66262CBE8CCF00E9F745 /* TabBarViewController.swift in Sources */,
				CCBB668E2CBFCBA800E9F745 /* AddMatchAssembly.swift in Sources */,
				CCBB663B2CBE8D3E00E9F745 /* MatchAssembly.swift in Sources */,
				CCBB666C2CBF0CDA00E9F745 /* EditGameAssembly.swift in Sources */,
				CCBB665A2CBEF3CA00E9F745 /* EmptyCollectionViewCell.swift in Sources */,
				CCBB661F2CBE7D9900E9F745 /* ColorUtils.swift in Sources */,
				CCBB65F92CBE6CE200E9F745 /* UntilOnboardingRouter.swift in Sources */,
				CCBB66752CBF88D400E9F745 /* AddStrategyViewController.swift in Sources */,
				CCBB65F02CBE6C2200E9F745 /* ServiceAssembly.swift in Sources */,
				CCBB65F52CBE6CD200E9F745 /* UntilOnboardingViewController.swift in Sources */,
				CCBB66842CBFAE2F00E9F745 /* EditStrategyAssembly.swift in Sources */,
				CCBB66232CBE7DC800E9F745 /* OnboardingCell.swift in Sources */,
				CCBB66622CBEFBEB00E9F745 /* AddPhotoView.swift in Sources */,
				CCBB66492CBE8D7900E9F745 /* SettingsRouter.swift in Sources */,
				CCBB65B72CBE694200E9F745 /* ViewController.swift in Sources */,
				CCBB666A2CBF0CCC00E9F745 /* EditGameViewController.swift in Sources */,
				CCBB66152CBE7D2500E9F745 /* OnboardingViewController.swift in Sources */,
				CCBB663D2CBE8D4300E9F745 /* MatchRouter.swift in Sources */,
				CCBB664E2CBEA85100E9F745 /* MatchStat.swift in Sources */,
				CCBB667F2CBF8D2F00E9F745 /* PopupTableViewCell.swift in Sources */,
				CCBB66122CBE6E1900E9F745 /* UILabel.swift in Sources */,
				CCBB66872CBFB76200E9F745 /* MatchGameCollectionViewCell.swift in Sources */,
				CCBB660C2CBE6DDC00E9F745 /* UIDevice.swift in Sources */,
				CCBB66452CBE8D6C00E9F745 /* SettingsViewController.swift in Sources */,
				CCBB667A2CBF8C3100E9F745 /* PopupField.swift in Sources */,
				CCBB66822CBFAE2500E9F745 /* EditStrategyViewController.swift in Sources */,
				CCBB66722CBF7E4800E9F745 /* StrategyTableViewCell.swift in Sources */,
				CCBB665F2CBEF94900E9F745 /* AddGameAssembly.swift in Sources */,
				CCBB666F2CBF7D2B00E9F745 /* EmptyTableViewCell.swift in Sources */,
				CCBB66192CBE7D3300E9F745 /* OnboardingAssembly.swift in Sources */,
				CCBB66172CBE7D2C00E9F745 /* OnboardingRouter.swift in Sources */,
				CCBB65F22CBE6C2C00E9F745 /* ViewControllerFactory.swift in Sources */,
				CCBB65D32CBE6ABB00E9F745 /* BaseRouter.swift in Sources */,
				CCBB66062CBE6DAB00E9F745 /* TableView.swift in Sources */,
				CCBB66912CBFE5D400E9F745 /* EditMatchViewController.swift in Sources */,
				CCBB65CD2CBE6A9B00E9F745 /* Setupable.swift in Sources */,
				CCBB66772CBF88DC00E9F745 /* AddStrategyAssembly.swift in Sources */,
				CCBB66532CBECEC000E9F745 /* GameTab.swift in Sources */,
				CCBB66652CBEFDE100E9F745 /* TextView.swift in Sources */,
				CCBB66672CBEFE5E00E9F745 /* CustomTextField.swift in Sources */,
				CCBB65D12CBE6AB500E9F745 /* ReusableView.swift in Sources */,
				CCBB66892CBFC64100E9F745 /* PlayedMatchTableViewCell.swift in Sources */,
				CCBB66102CBE6DFE00E9F745 /* UIColor.swift in Sources */,
				CCBB660E2CBE6DED00E9F745 /* StackView.swift in Sources */,
				CCBB66332CBE8D2300E9F745 /* StrategyViewController.swift in Sources */,
				CCBB660A2CBE6DCF00E9F745 /* String.swift in Sources */,
				CCBB65B32CBE694200E9F745 /* AppDelegate.swift in Sources */,
				CCBB66502CBEB5B100E9F745 /* MostPlayed.swift in Sources */,
				CCBB662F2CBE8D1300E9F745 /* GameRouter.swift in Sources */,
				CCBB661D2CBE7D9200E9F745 /* AdvancedPageControlView.swift in Sources */,
				CCBB66932CBFE5DC00E9F745 /* EditMatchAssembly.swift in Sources */,
				CCBB668C2CBFCB9F00E9F745 /* AddMatchViewController.swift in Sources */,
				CCBB65B52CBE694200E9F745 /* SceneDelegate.swift in Sources */,
				CCBB66472CBE8D7300E9F745 /* SettingsAssembly.swift in Sources */,
			);
			runOnlyForDeploymentPostprocessing = 0;
		};
/* End PBXSourcesBuildPhase section */

/* Begin PBXVariantGroup section */
		CCBB65B82CBE694200E9F745 /* Main.storyboard */ = {
			isa = PBXVariantGroup;
			children = (
				CCBB65B92CBE694200E9F745 /* Base */,
			);
			name = Main.storyboard;
			sourceTree = "<group>";
		};
		CCBB65BD2CBE694300E9F745 /* LaunchScreen.storyboard */ = {
			isa = PBXVariantGroup;
			children = (
				CCBB65BE2CBE694300E9F745 /* Base */,
			);
			name = LaunchScreen.storyboard;
			sourceTree = "<group>";
		};
/* End PBXVariantGroup section */

/* Begin XCBuildConfiguration section */
		CCBB65C12CBE694300E9F745 /* Debug */ = {
			isa = XCBuildConfiguration;
			buildSettings = {
				ALWAYS_SEARCH_USER_PATHS = NO;
				ASSETCATALOG_COMPILER_GENERATE_SWIFT_ASSET_SYMBOL_EXTENSIONS = YES;
				CLANG_ANALYZER_NONNULL = YES;
				CLANG_ANALYZER_NUMBER_OBJECT_CONVERSION = YES_AGGRESSIVE;
				CLANG_CXX_LANGUAGE_STANDARD = "gnu++20";
				CLANG_ENABLE_MODULES = YES;
				CLANG_ENABLE_OBJC_ARC = YES;
				CLANG_ENABLE_OBJC_WEAK = YES;
				CLANG_WARN_BLOCK_CAPTURE_AUTORELEASING = YES;
				CLANG_WARN_BOOL_CONVERSION = YES;
				CLANG_WARN_COMMA = YES;
				CLANG_WARN_CONSTANT_CONVERSION = YES;
				CLANG_WARN_DEPRECATED_OBJC_IMPLEMENTATIONS = YES;
				CLANG_WARN_DIRECT_OBJC_ISA_USAGE = YES_ERROR;
				CLANG_WARN_DOCUMENTATION_COMMENTS = YES;
				CLANG_WARN_EMPTY_BODY = YES;
				CLANG_WARN_ENUM_CONVERSION = YES;
				CLANG_WARN_INFINITE_RECURSION = YES;
				CLANG_WARN_INT_CONVERSION = YES;
				CLANG_WARN_NON_LITERAL_NULL_CONVERSION = YES;
				CLANG_WARN_OBJC_IMPLICIT_RETAIN_SELF = YES;
				CLANG_WARN_OBJC_LITERAL_CONVERSION = YES;
				CLANG_WARN_OBJC_ROOT_CLASS = YES_ERROR;
				CLANG_WARN_QUOTED_INCLUDE_IN_FRAMEWORK_HEADER = YES;
				CLANG_WARN_RANGE_LOOP_ANALYSIS = YES;
				CLANG_WARN_STRICT_PROTOTYPES = YES;
				CLANG_WARN_SUSPICIOUS_MOVE = YES;
				CLANG_WARN_UNGUARDED_AVAILABILITY = YES_AGGRESSIVE;
				CLANG_WARN_UNREACHABLE_CODE = YES;
				CLANG_WARN__DUPLICATE_METHOD_MATCH = YES;
				COPY_PHASE_STRIP = NO;
				DEBUG_INFORMATION_FORMAT = dwarf;
				ENABLE_STRICT_OBJC_MSGSEND = YES;
				ENABLE_TESTABILITY = YES;
				ENABLE_USER_SCRIPT_SANDBOXING = YES;
				GCC_C_LANGUAGE_STANDARD = gnu17;
				GCC_DYNAMIC_NO_PIC = NO;
				GCC_NO_COMMON_BLOCKS = YES;
				GCC_OPTIMIZATION_LEVEL = 0;
				GCC_PREPROCESSOR_DEFINITIONS = (
					"DEBUG=1",
					"$(inherited)",
				);
				GCC_WARN_64_TO_32_BIT_CONVERSION = YES;
				GCC_WARN_ABOUT_RETURN_TYPE = YES_ERROR;
				GCC_WARN_UNDECLARED_SELECTOR = YES;
				GCC_WARN_UNINITIALIZED_AUTOS = YES_AGGRESSIVE;
				GCC_WARN_UNUSED_FUNCTION = YES;
				GCC_WARN_UNUSED_VARIABLE = YES;
				IPHONEOS_DEPLOYMENT_TARGET = 14.0;
				LOCALIZATION_PREFERS_STRING_CATALOGS = YES;
				MTL_ENABLE_DEBUG_INFO = INCLUDE_SOURCE;
				MTL_FAST_MATH = YES;
				ONLY_ACTIVE_ARCH = YES;
				SDKROOT = iphoneos;
				SWIFT_ACTIVE_COMPILATION_CONDITIONS = "DEBUG $(inherited)";
				SWIFT_OPTIMIZATION_LEVEL = "-Onone";
			};
			name = Debug;
		};
		CCBB65C22CBE694300E9F745 /* Release */ = {
			isa = XCBuildConfiguration;
			buildSettings = {
				ALWAYS_SEARCH_USER_PATHS = NO;
				ASSETCATALOG_COMPILER_GENERATE_SWIFT_ASSET_SYMBOL_EXTENSIONS = YES;
				CLANG_ANALYZER_NONNULL = YES;
				CLANG_ANALYZER_NUMBER_OBJECT_CONVERSION = YES_AGGRESSIVE;
				CLANG_CXX_LANGUAGE_STANDARD = "gnu++20";
				CLANG_ENABLE_MODULES = YES;
				CLANG_ENABLE_OBJC_ARC = YES;
				CLANG_ENABLE_OBJC_WEAK = YES;
				CLANG_WARN_BLOCK_CAPTURE_AUTORELEASING = YES;
				CLANG_WARN_BOOL_CONVERSION = YES;
				CLANG_WARN_COMMA = YES;
				CLANG_WARN_CONSTANT_CONVERSION = YES;
				CLANG_WARN_DEPRECATED_OBJC_IMPLEMENTATIONS = YES;
				CLANG_WARN_DIRECT_OBJC_ISA_USAGE = YES_ERROR;
				CLANG_WARN_DOCUMENTATION_COMMENTS = YES;
				CLANG_WARN_EMPTY_BODY = YES;
				CLANG_WARN_ENUM_CONVERSION = YES;
				CLANG_WARN_INFINITE_RECURSION = YES;
				CLANG_WARN_INT_CONVERSION = YES;
				CLANG_WARN_NON_LITERAL_NULL_CONVERSION = YES;
				CLANG_WARN_OBJC_IMPLICIT_RETAIN_SELF = YES;
				CLANG_WARN_OBJC_LITERAL_CONVERSION = YES;
				CLANG_WARN_OBJC_ROOT_CLASS = YES_ERROR;
				CLANG_WARN_QUOTED_INCLUDE_IN_FRAMEWORK_HEADER = YES;
				CLANG_WARN_RANGE_LOOP_ANALYSIS = YES;
				CLANG_WARN_STRICT_PROTOTYPES = YES;
				CLANG_WARN_SUSPICIOUS_MOVE = YES;
				CLANG_WARN_UNGUARDED_AVAILABILITY = YES_AGGRESSIVE;
				CLANG_WARN_UNREACHABLE_CODE = YES;
				CLANG_WARN__DUPLICATE_METHOD_MATCH = YES;
				COPY_PHASE_STRIP = NO;
				DEBUG_INFORMATION_FORMAT = "dwarf-with-dsym";
				ENABLE_NS_ASSERTIONS = NO;
				ENABLE_STRICT_OBJC_MSGSEND = YES;
				ENABLE_USER_SCRIPT_SANDBOXING = YES;
				GCC_C_LANGUAGE_STANDARD = gnu17;
				GCC_NO_COMMON_BLOCKS = YES;
				GCC_WARN_64_TO_32_BIT_CONVERSION = YES;
				GCC_WARN_ABOUT_RETURN_TYPE = YES_ERROR;
				GCC_WARN_UNDECLARED_SELECTOR = YES;
				GCC_WARN_UNINITIALIZED_AUTOS = YES_AGGRESSIVE;
				GCC_WARN_UNUSED_FUNCTION = YES;
				GCC_WARN_UNUSED_VARIABLE = YES;
				IPHONEOS_DEPLOYMENT_TARGET = 14.0;
				LOCALIZATION_PREFERS_STRING_CATALOGS = YES;
				MTL_ENABLE_DEBUG_INFO = NO;
				MTL_FAST_MATH = YES;
				SDKROOT = iphoneos;
				SWIFT_COMPILATION_MODE = wholemodule;
				VALIDATE_PRODUCT = YES;
			};
			name = Release;
		};
		CCBB65C42CBE694300E9F745 /* Debug */ = {
			isa = XCBuildConfiguration;
			buildSettings = {
				ASSETCATALOG_COMPILER_APPICON_NAME = AppIcon;
				ASSETCATALOG_COMPILER_GLOBAL_ACCENT_COLOR_NAME = AccentColor;
				CODE_SIGN_STYLE = Automatic;
				CURRENT_PROJECT_VERSION = 1;
				DEVELOPMENT_TEAM = 5PTH9U4CB9;
				GENERATE_INFOPLIST_FILE = YES;
				INFOPLIST_FILE = CardManager/Info.plist;
				INFOPLIST_KEY_CFBundleDisplayName = "WinStats Cards";
				INFOPLIST_KEY_UIApplicationSupportsIndirectInputEvents = YES;
				INFOPLIST_KEY_UILaunchStoryboardName = LaunchScreen;
				INFOPLIST_KEY_UIMainStoryboardFile = Main;
				INFOPLIST_KEY_UIRequiresFullScreen = YES;
				INFOPLIST_KEY_UISupportedInterfaceOrientations = UIInterfaceOrientationPortrait;
				IPHONEOS_DEPLOYMENT_TARGET = 14.0;
				LD_RUNPATH_SEARCH_PATHS = (
					"$(inherited)",
					"@executable_path/Frameworks",
				);
				MARKETING_VERSION = 1.0;
				PRODUCT_BUNDLE_IDENTIFIER = "bundle-id";
				PRODUCT_NAME = "$(TARGET_NAME)";
				SUPPORTED_PLATFORMS = "iphoneos iphonesimulator";
				SUPPORTS_MACCATALYST = NO;
				SUPPORTS_MAC_DESIGNED_FOR_IPHONE_IPAD = NO;
				SUPPORTS_XR_DESIGNED_FOR_IPHONE_IPAD = NO;
				SWIFT_EMIT_LOC_STRINGS = YES;
				SWIFT_VERSION = 5.0;
				TARGETED_DEVICE_FAMILY = "1,2";
			};
			name = Debug;
		};
		CCBB65C52CBE694300E9F745 /* Release */ = {
			isa = XCBuildConfiguration;
			buildSettings = {
				ASSETCATALOG_COMPILER_APPICON_NAME = AppIcon;
				ASSETCATALOG_COMPILER_GLOBAL_ACCENT_COLOR_NAME = AccentColor;
				CODE_SIGN_STYLE = Automatic;
				CURRENT_PROJECT_VERSION = 1;
				DEVELOPMENT_TEAM = 5PTH9U4CB9;
				GENERATE_INFOPLIST_FILE = YES;
				INFOPLIST_FILE = CardManager/Info.plist;
				INFOPLIST_KEY_CFBundleDisplayName = "WinStats Cards";
				INFOPLIST_KEY_UIApplicationSupportsIndirectInputEvents = YES;
				INFOPLIST_KEY_UILaunchStoryboardName = LaunchScreen;
				INFOPLIST_KEY_UIMainStoryboardFile = Main;
				INFOPLIST_KEY_UIRequiresFullScreen = YES;
				INFOPLIST_KEY_UISupportedInterfaceOrientations = UIInterfaceOrientationPortrait;
				IPHONEOS_DEPLOYMENT_TARGET = 14.0;
				LD_RUNPATH_SEARCH_PATHS = (
					"$(inherited)",
					"@executable_path/Frameworks",
				);
				MARKETING_VERSION = 1.0;
				PRODUCT_BUNDLE_IDENTIFIER = "bundle-id";
				PRODUCT_NAME = "$(TARGET_NAME)";
				SUPPORTED_PLATFORMS = "iphoneos iphonesimulator";
				SUPPORTS_MACCATALYST = NO;
				SUPPORTS_MAC_DESIGNED_FOR_IPHONE_IPAD = NO;
				SUPPORTS_XR_DESIGNED_FOR_IPHONE_IPAD = NO;
				SWIFT_EMIT_LOC_STRINGS = YES;
				SWIFT_VERSION = 5.0;
				TARGETED_DEVICE_FAMILY = "1,2";
			};
			name = Release;
		};
/* End XCBuildConfiguration section */

/* Begin XCConfigurationList section */
		CCBB65AA2CBE694200E9F745 /* Build configuration list for PBXProject "CardManager" */ = {
			isa = XCConfigurationList;
			buildConfigurations = (
				CCBB65C12CBE694300E9F745 /* Debug */,
				CCBB65C22CBE694300E9F745 /* Release */,
			);
			defaultConfigurationIsVisible = 0;
			defaultConfigurationName = Release;
		};
		CCBB65C32CBE694300E9F745 /* Build configuration list for PBXNativeTarget "CardManager" */ = {
			isa = XCConfigurationList;
			buildConfigurations = (
				CCBB65C42CBE694300E9F745 /* Debug */,
				CCBB65C52CBE694300E9F745 /* Release */,
			);
			defaultConfigurationIsVisible = 0;
			defaultConfigurationName = Release;
		};
/* End XCConfigurationList section */

/* Begin XCRemoteSwiftPackageReference section */
		CCBB65D72CBE6B6B00E9F745 /* XCRemoteSwiftPackageReference "SnapKit" */ = {
			isa = XCRemoteSwiftPackageReference;
			repositoryURL = "https://github.com/SnapKit/SnapKit.git";
			requirement = {
				kind = upToNextMajorVersion;
				minimumVersion = 5.7.1;
			};
		};
		CCBB65DC2CBE6B7600E9F745 /* XCRemoteSwiftPackageReference "SQLite.swift" */ = {
			isa = XCRemoteSwiftPackageReference;
			repositoryURL = "https://github.com/stephencelis/SQLite.swift.git";
			requirement = {
				kind = upToNextMajorVersion;
				minimumVersion = 0.15.3;
			};
		};
		CCBB65DF2CBE6B8400E9F745 /* XCRemoteSwiftPackageReference "Swinject" */ = {
			isa = XCRemoteSwiftPackageReference;
			repositoryURL = "https://github.com/Swinject/Swinject.git";
			requirement = {
				kind = upToNextMajorVersion;
				minimumVersion = 2.9.1;
			};
		};
		CCBB65E42CBE6B9100E9F745 /* XCRemoteSwiftPackageReference "SwinjectAutoregistration" */ = {
			isa = XCRemoteSwiftPackageReference;
			repositoryURL = "https://github.com/Swinject/SwinjectAutoregistration.git";
			requirement = {
				kind = upToNextMajorVersion;
				minimumVersion = 2.9.1;
			};
		};
/* End XCRemoteSwiftPackageReference section */

/* Begin XCSwiftPackageProductDependency section */
		CCBB65D82CBE6B6B00E9F745 /* SnapKit */ = {
			isa = XCSwiftPackageProductDependency;
			package = CCBB65D72CBE6B6B00E9F745 /* XCRemoteSwiftPackageReference "SnapKit" */;
			productName = SnapKit;
		};
		CCBB65DD2CBE6B7600E9F745 /* SQLite */ = {
			isa = XCSwiftPackageProductDependency;
			package = CCBB65DC2CBE6B7600E9F745 /* XCRemoteSwiftPackageReference "SQLite.swift" */;
			productName = SQLite;
		};
		CCBB65E02CBE6B8400E9F745 /* Swinject */ = {
			isa = XCSwiftPackageProductDependency;
			package = CCBB65DF2CBE6B8400E9F745 /* XCRemoteSwiftPackageReference "Swinject" */;
			productName = Swinject;
		};
		CCBB65E52CBE6B9100E9F745 /* SwinjectAutoregistration */ = {
			isa = XCSwiftPackageProductDependency;
			package = CCBB65E42CBE6B9100E9F745 /* XCRemoteSwiftPackageReference "SwinjectAutoregistration" */;
			productName = SwinjectAutoregistration;
		};
		CCBB65EA2CBE6BA600E9F745 /* CardManagerModel */ = {
			isa = XCSwiftPackageProductDependency;
			productName = CardManagerModel;
		};
		CCBB65EC2CBE6BA600E9F745 /* CardManagerViewModel */ = {
			isa = XCSwiftPackageProductDependency;
			productName = CardManagerViewModel;
		};
/* End XCSwiftPackageProductDependency section */
	};
	rootObject = CCBB65A72CBE694200E9F745 /* Project object */;
}
